
Microsoft Visual Studio Solution File, Format Version 12.00
# Visual Studio 15
VisualStudioVersion = 15.0.27703.2047
MinimumVisualStudioVersion = 10.0.40219.1
Project("{FAE04EC0-301F-11D3-BF4B-00C04F79EFBC}") = "yazd", "yazd\yazd.csproj", "{6E1516F5-39AE-4490-8A88-B15CBC10727F}"
EndProject
Project("{FAE04EC0-301F-11D3-BF4B-00C04F79EFBC}") = "yaza", "yaza\yaza.csproj", "{0B1B2E91-F1D6-4384-8A08-6A69882A5A63}"
EndProject
Project("{2150E333-8FDC-42A3-9474-1A3956D46DE8}") = "Solution Items", "Solution Items", "{1DF40449-EFC2-4D08-B61E-5E0AC0D335DD}"
	ProjectSection(SolutionItems) = preProject
		test.asm = test.asm
	EndProjectSection
EndProject
Global
	GlobalSection(SolutionConfigurationPlatforms) = preSolution
		Debug|Any CPU = Debug|Any CPU
		Debug|x86 = Debug|x86
		Release|Any CPU = Release|Any CPU
		Release|x86 = Release|x86
	EndGlobalSection
	GlobalSection(ProjectConfigurationPlatforms) = postSolution
		{6E1516F5-39AE-4490-8A88-B15CBC10727F}.Debug|Any CPU.ActiveCfg = Debug|x86
		{6E1516F5-39AE-4490-8A88-B15CBC10727F}.Debug|x86.ActiveCfg = Debug|x86
		{6E1516F5-39AE-4490-8A88-B15CBC10727F}.Debug|x86.Build.0 = Debug|x86
		{6E1516F5-39AE-4490-8A88-B15CBC10727F}.Release|Any CPU.ActiveCfg = Release|x86
		{6E1516F5-39AE-4490-8A88-B15CBC10727F}.Release|x86.ActiveCfg = Release|x86
		{6E1516F5-39AE-4490-8A88-B15CBC10727F}.Release|x86.Build.0 = Release|x86
		{0B1B2E91-F1D6-4384-8A08-6A69882A5A63}.Debug|Any CPU.ActiveCfg = Debug|Any CPU
		{0B1B2E91-F1D6-4384-8A08-6A69882A5A63}.Debug|Any CPU.Build.0 = Debug|Any CPU
		{0B1B2E91-F1D6-4384-8A08-6A69882A5A63}.Debug|x86.ActiveCfg = Debug|Any CPU
		{0B1B2E91-F1D6-4384-8A08-6A69882A5A63}.Debug|x86.Build.0 = Debug|Any CPU
		{0B1B2E91-F1D6-4384-8A08-6A69882A5A63}.Release|Any CPU.ActiveCfg = Release|Any CPU
		{0B1B2E91-F1D6-4384-8A08-6A69882A5A63}.Release|Any CPU.Build.0 = Release|Any CPU
		{0B1B2E91-F1D6-4384-8A08-6A69882A5A63}.Release|x86.ActiveCfg = Release|Any CPU
		{0B1B2E91-F1D6-4384-8A08-6A69882A5A63}.Release|x86.Build.0 = Release|Any CPU
	EndGlobalSection
	GlobalSection(SolutionProperties) = preSolution
		HideSolutionNode = FALSE
	EndGlobalSection
	GlobalSection(ExtensibilityGlobals) = postSolution
		SolutionGuid = {EC4D8F1E-55C3-471B-8E9D-F2B558061BA3}
	EndGlobalSection
EndGlobal
